{
  "name": "create-quiver",
  "version": "0.12.1",
  "lockfileVersion": 3,
  "requires": true,
  "packages": {
    "": {
      "name": "create-quiver",
      "version": "0.12.1",
      "license": "MIT",
      "bin": {
        "create-quiver": "bin/create-quiver.js",
        "quiver": "bin/create-quiver.js"
      }
    }
  }
}
